
Microsoft Visual Studio Solution File, Format Version 12.00
# Visual Studio Version 17
VisualStudioVersion = 17.9.34616.47
MinimumVisualStudioVersion = 10.0.40219.1
Project("{FAE04EC0-301F-11D3-BF4B-00C04F79EFBC}") = "THE BUCKETER", "THE BUCKETER\THE BUCKETER.csproj", "{FCE16C8B-1CA4-4B55-AB3F-EE282EB12306}"
EndProject
Global
	GlobalSection(SolutionConfigurationPlatforms) = preSolution
		Debug|Any CPU = Debug|Any CPU
		Release|Any CPU = Release|Any CPU
	EndGlobalSection
	GlobalSection(ProjectConfigurationPlatforms) = postSolution
		{FCE16C8B-1CA4-4B55-AB3F-EE282EB12306}.Debug|Any CPU.ActiveCfg = Debug|Any CPU
		{FCE16C8B-1CA4-4B55-AB3F-EE282EB12306}.Debug|Any CPU.Build.0 = Debug|Any CPU
		{FCE16C8B-1CA4-4B55-AB3F-EE282EB12306}.Release|Any CPU.ActiveCfg = Release|Any CPU
		{FCE16C8B-1CA4-4B55-AB3F-EE282EB12306}.Release|Any CPU.Build.0 = Release|Any CPU
	EndGlobalSection
	GlobalSection(SolutionProperties) = preSolution
		HideSolutionNode = FALSE
	EndGlobalSection
	GlobalSection(ExtensibilityGlobals) = postSolution
		SolutionGuid = {04D863AC-7304-4496-B0F3-125C95C24545}
	EndGlobalSection
EndGlobal
